
Microsoft Visual Studio Solution File, Format Version 12.00
# Visual Studio Version 17
VisualStudioVersion = 17.5.002.0
MinimumVisualStudioVersion = 10.0.40219.1
Project("{9A19103F-16F7-4668-BE54-9A1E7A4F7556}") = "PROJECT KELAS", "PROJECT KELAS.csproj", "{D8B47137-5002-4690-87C2-D2E3CAB94449}"
EndProject
Global
	GlobalSection(SolutionConfigurationPlatforms) = preSolution
		Debug|Any CPU = Debug|Any CPU
		Release|Any CPU = Release|Any CPU
	EndGlobalSection
	GlobalSection(ProjectConfigurationPlatforms) = postSolution
		{D8B47137-5002-4690-87C2-D2E3CAB94449}.Debug|Any CPU.ActiveCfg = Debug|Any CPU
		{D8B47137-5002-4690-87C2-D2E3CAB94449}.Debug|Any CPU.Build.0 = Debug|Any CPU
		{D8B47137-5002-4690-87C2-D2E3CAB94449}.Release|Any CPU.ActiveCfg = Release|Any CPU
		{D8B47137-5002-4690-87C2-D2E3CAB94449}.Release|Any CPU.Build.0 = Release|Any CPU
	EndGlobalSection
	GlobalSection(SolutionProperties) = preSolution
		HideSolutionNode = FALSE
	EndGlobalSection
	GlobalSection(ExtensibilityGlobals) = postSolution
		SolutionGuid = {A74D3890-83D2-4502-90C7-6874B943F559}
	EndGlobalSection
EndGlobal
